// !$*UTF8*$!
{
	archiveVersion = 1;
	classes = {
	};
	objectVersion = 56;
	objects = {

/* Begin PBXBuildFile section */
		135B8DA82B68FBE600559908 /* FlowerViewController.swift in Sources */ = {isa = PBXBuildFile; fileRef = 135B8DA72B68FBE600559908 /* FlowerViewController.swift */; };
		135B8DAB2B68FDA600559908 /* Lottie in Frameworks */ = {isa = PBXBuildFile; productRef = 135B8DAA2B68FDA600559908 /* Lottie */; };
		135B8DB12B69036D00559908 /* BlueFlower.json in Resources */ = {isa = PBXBuildFile; fileRef = 135B8DAF2B69036D00559908 /* BlueFlower.json */; };
		135B8DB32B6905DC00559908 /* Koala.json in Resources */ = {isa = PBXBuildFile; fileRef = 135B8DB22B6905DC00559908 /* Koala.json */; };
		136FFB4D2B696DA800677C0F /* example.swift in Sources */ = {isa = PBXBuildFile; fileRef = 136FFB4C2B696DA800677C0F /* example.swift */; };
		13DDD7192B6689CC0075D1E6 /* AppDelegate.swift in Sources */ = {isa = PBXBuildFile; fileRef = 13DDD7182B6689CC0075D1E6 /* AppDelegate.swift */; };
		13DDD71B2B6689CC0075D1E6 /* SceneDelegate.swift in Sources */ = {isa = PBXBuildFile; fileRef = 13DDD71A2B6689CC0075D1E6 /* SceneDelegate.swift */; };
		13DDD71D2B6689CC0075D1E6 /* MainViewController.swift in Sources */ = {isa = PBXBuildFile; fileRef = 13DDD71C2B6689CC0075D1E6 /* MainViewController.swift */; };
		13DDD7232B6689CC0075D1E6 /* yaDihayu.xcdatamodeld in Sources */ = {isa = PBXBuildFile; fileRef = 13DDD7212B6689CC0075D1E6 /* yaDihayu.xcdatamodeld */; };
		13DDD7252B6689CE0075D1E6 /* Assets.xcassets in Resources */ = {isa = PBXBuildFile; fileRef = 13DDD7242B6689CE0075D1E6 /* Assets.xcassets */; };
		13DDD7282B6689CE0075D1E6 /* LaunchScreen.storyboard in Resources */ = {isa = PBXBuildFile; fileRef = 13DDD7262B6689CE0075D1E6 /* LaunchScreen.storyboard */; };
		13DDD73A2B669F6F0075D1E6 /* SFUIText-Light.ttf in Resources */ = {isa = PBXBuildFile; fileRef = 13DDD7342B669F6F0075D1E6 /* SFUIText-Light.ttf */; };
		13DDD73B2B669F6F0075D1E6 /* SFUIText-Heavy.ttf in Resources */ = {isa = PBXBuildFile; fileRef = 13DDD7352B669F6F0075D1E6 /* SFUIText-Heavy.ttf */; };
		13DDD73C2B669F6F0075D1E6 /* SFUIText-Bold.ttf in Resources */ = {isa = PBXBuildFile; fileRef = 13DDD7362B669F6F0075D1E6 /* SFUIText-Bold.ttf */; };
		13DDD73D2B669F6F0075D1E6 /* SFUIText-Medium.ttf in Resources */ = {isa = PBXBuildFile; fileRef = 13DDD7372B669F6F0075D1E6 /* SFUIText-Medium.ttf */; };
		13DDD73E2B669F6F0075D1E6 /* CustomFonts.swift in Sources */ = {isa = PBXBuildFile; fileRef = 13DDD7382B669F6F0075D1E6 /* CustomFonts.swift */; };
		13DDD73F2B669F6F0075D1E6 /* SFUIText-Regular.ttf in Resources */ = {isa = PBXBuildFile; fileRef = 13DDD7392B669F6F0075D1E6 /* SFUIText-Regular.ttf */; };
		13DDD7412B669F990075D1E6 /* timer_sound.mp3 in Resources */ = {isa = PBXBuildFile; fileRef = 13DDD7402B669F990075D1E6 /* timer_sound.mp3 */; };
		13DDD7462B669FF80075D1E6 /* InfoViewController.swift in Sources */ = {isa = PBXBuildFile; fileRef = 13DDD7442B669FF80075D1E6 /* InfoViewController.swift */; };
		13DDD7492B66A0710075D1E6 /* SnapKit in Frameworks */ = {isa = PBXBuildFile; productRef = 13DDD7482B66A0710075D1E6 /* SnapKit */; };
/* End PBXBuildFile section */

/* Begin PBXFileReference section */
		135B8DA72B68FBE600559908 /* FlowerViewController.swift */ = {isa = PBXFileReference; lastKnownFileType = sourcecode.swift; path = FlowerViewController.swift; sourceTree = "<group>"; };
		135B8DAF2B69036D00559908 /* BlueFlower.json */ = {isa = PBXFileReference; fileEncoding = 4; lastKnownFileType = text.json; path = BlueFlower.json; sourceTree = "<group>"; };
		135B8DB22B6905DC00559908 /* Koala.json */ = {isa = PBXFileReference; fileEncoding = 4; lastKnownFileType = text.json; path = Koala.json; sourceTree = "<group>"; };
		136FFB4C2B696DA800677C0F /* example.swift */ = {isa = PBXFileReference; lastKnownFileType = sourcecode.swift; path = example.swift; sourceTree = "<group>"; };
		13DDD7152B6689CC0075D1E6 /* yaDihayu.app */ = {isa = PBXFileReference; explicitFileType = wrapper.application; includeInIndex = 0; path = yaDihayu.app; sourceTree = BUILT_PRODUCTS_DIR; };
		13DDD7182B6689CC0075D1E6 /* AppDelegate.swift */ = {isa = PBXFileReference; lastKnownFileType = sourcecode.swift; path = AppDelegate.swift; sourceTree = "<group>"; };
		13DDD71A2B6689CC0075D1E6 /* SceneDelegate.swift */ = {isa = PBXFileReference; lastKnownFileType = sourcecode.swift; path = SceneDelegate.swift; sourceTree = "<group>"; };
		13DDD71C2B6689CC0075D1E6 /* MainViewController.swift */ = {isa = PBXFileReference; lastKnownFileType = sourcecode.swift; path = MainViewController.swift; sourceTree = "<group>"; };
		13DDD7222B6689CC0075D1E6 /* yaDihayu.xcdatamodel */ = {isa = PBXFileReference; lastKnownFileType = wrapper.xcdatamodel; path = yaDihayu.xcdatamodel; sourceTree = "<group>"; };
		13DDD7242B6689CE0075D1E6 /* Assets.xcassets */ = {isa = PBXFileReference; lastKnownFileType = folder.assetcatalog; path = Assets.xcassets; sourceTree = "<group>"; };
		13DDD7272B6689CE0075D1E6 /* Base */ = {isa = PBXFileReference; lastKnownFileType = file.storyboard; name = Base; path = Base.lproj/LaunchScreen.storyboard; sourceTree = "<group>"; };
		13DDD7292B6689CE0075D1E6 /* Info.plist */ = {isa = PBXFileReference; lastKnownFileType = text.plist.xml; path = Info.plist; sourceTree = "<group>"; };
		13DDD7342B669F6F0075D1E6 /* SFUIText-Light.ttf */ = {isa = PBXFileReference; lastKnownFileType = file; path = "SFUIText-Light.ttf"; sourceTree = "<group>"; };
		13DDD7352B669F6F0075D1E6 /* SFUIText-Heavy.ttf */ = {isa = PBXFileReference; lastKnownFileType = file; path = "SFUIText-Heavy.ttf"; sourceTree = "<group>"; };
		13DDD7362B669F6F0075D1E6 /* SFUIText-Bold.ttf */ = {isa = PBXFileReference; lastKnownFileType = file; path = "SFUIText-Bold.ttf"; sourceTree = "<group>"; };
		13DDD7372B669F6F0075D1E6 /* SFUIText-Medium.ttf */ = {isa = PBXFileReference; lastKnownFileType = file; path = "SFUIText-Medium.ttf"; sourceTree = "<group>"; };
		13DDD7382B669F6F0075D1E6 /* CustomFonts.swift */ = {isa = PBXFileReference; fileEncoding = 4; lastKnownFileType = sourcecode.swift; path = CustomFonts.swift; sourceTree = "<group>"; };
		13DDD7392B669F6F0075D1E6 /* SFUIText-Regular.ttf */ = {isa = PBXFileReference; lastKnownFileType = file; path = "SFUIText-Regular.ttf"; sourceTree = "<group>"; };
		13DDD7402B669F990075D1E6 /* timer_sound.mp3 */ = {isa = PBXFileReference; lastKnownFileType = audio.mp3; path = timer_sound.mp3; sourceTree = "<group>"; };
		13DDD7442B669FF80075D1E6 /* InfoViewController.swift */ = {isa = PBXFileReference; fileEncoding = 4; lastKnownFileType = sourcecode.swift; path = InfoViewController.swift; sourceTree = "<group>"; };
/* End PBXFileReference section */

/* Begin PBXFrameworksBuildPhase section */
		13DDD7122B6689CC0075D1E6 /* Frameworks */ = {
			isa = PBXFrameworksBuildPhase;
			buildActionMask = 2147483647;
			files = (
				13DDD7492B66A0710075D1E6 /* SnapKit in Frameworks */,
				135B8DAB2B68FDA600559908 /* Lottie in Frameworks */,
			);
			runOnlyForDeploymentPostprocessing = 0;
		};
/* End PBXFrameworksBuildPhase section */

/* Begin PBXGroup section */
		136B32312B6908F4009486D3 /* Animation */ = {
			isa = PBXGroup;
			children = (
				135B8DB22B6905DC00559908 /* Koala.json */,
				135B8DAF2B69036D00559908 /* BlueFlower.json */,
			);
			path = Animation;
			sourceTree = "<group>";
		};
		136B32322B690904009486D3 /* Data */ = {
			isa = PBXGroup;
			children = (
				13DDD7212B6689CC0075D1E6 /* yaDihayu.xcdatamodeld */,
			);
			path = Data;
			sourceTree = "<group>";
		};
		13DDD70C2B6689CC0075D1E6 = {
			isa = PBXGroup;
			children = (
				13DDD7172B6689CC0075D1E6 /* yaDihayu */,
				13DDD7162B6689CC0075D1E6 /* Products */,
			);
			sourceTree = "<group>";
		};
		13DDD7162B6689CC0075D1E6 /* Products */ = {
			isa = PBXGroup;
			children = (
				13DDD7152B6689CC0075D1E6 /* yaDihayu.app */,
			);
			name = Products;
			sourceTree = "<group>";
		};
		13DDD7172B6689CC0075D1E6 /* yaDihayu */ = {
			isa = PBXGroup;
			children = (
				13DDD7312B668A310075D1E6 /* Controllers */,
				13DDD7302B668A260075D1E6 /* Application */,
				13DDD72F2B668A210075D1E6 /* Resources */,
				136FFB4C2B696DA800677C0F /* example.swift */,
			);
			path = yaDihayu;
			sourceTree = "<group>";
		};
		13DDD72F2B668A210075D1E6 /* Resources */ = {
			isa = PBXGroup;
			children = (
				136B32322B690904009486D3 /* Data */,
				136B32312B6908F4009486D3 /* Animation */,
				13DDD7422B669F9D0075D1E6 /* Sound */,
				13DDD7332B669F560075D1E6 /* Fonts */,
				13DDD7242B6689CE0075D1E6 /* Assets.xcassets */,
				13DDD7262B6689CE0075D1E6 /* LaunchScreen.storyboard */,
				13DDD7292B6689CE0075D1E6 /* Info.plist */,
			);
			path = Resources;
			sourceTree = "<group>";
		};
		13DDD7302B668A260075D1E6 /* Application */ = {
			isa = PBXGroup;
			children = (
				13DDD7182B6689CC0075D1E6 /* AppDelegate.swift */,
				13DDD71A2B6689CC0075D1E6 /* SceneDelegate.swift */,
			);
			path = Application;
			sourceTree = "<group>";
		};
		13DDD7312B668A310075D1E6 /* Controllers */ = {
			isa = PBXGroup;
			children = (
				13DDD71C2B6689CC0075D1E6 /* MainViewController.swift */,
				13DDD7442B669FF80075D1E6 /* InfoViewController.swift */,
				135B8DA72B68FBE600559908 /* FlowerViewController.swift */,
			);
			path = Controllers;
			sourceTree = "<group>";
		};
		13DDD7332B669F560075D1E6 /* Fonts */ = {
			isa = PBXGroup;
			children = (
				13DDD7382B669F6F0075D1E6 /* CustomFonts.swift */,
				13DDD7362B669F6F0075D1E6 /* SFUIText-Bold.ttf */,
				13DDD7352B669F6F0075D1E6 /* SFUIText-Heavy.ttf */,
				13DDD7342B669F6F0075D1E6 /* SFUIText-Light.ttf */,
				13DDD7372B669F6F0075D1E6 /* SFUIText-Medium.ttf */,
				13DDD7392B669F6F0075D1E6 /* SFUIText-Regular.ttf */,
			);
			path = Fonts;
			sourceTree = "<group>";
		};
		13DDD7422B669F9D0075D1E6 /* Sound */ = {
			isa = PBXGroup;
			children = (
				13DDD7402B669F990075D1E6 /* timer_sound.mp3 */,
			);
			path = Sound;
			sourceTree = "<group>";
		};
/* End PBXGroup section */

/* Begin PBXNativeTarget section */
		13DDD7142B6689CC0075D1E6 /* yaDihayu */ = {
			isa = PBXNativeTarget;
			buildConfigurationList = 13DDD72C2B6689CE0075D1E6 /* Build configuration list for PBXNativeTarget "yaDihayu" */;
			buildPhases = (
				13DDD7112B6689CC0075D1E6 /* Sources */,
				13DDD7122B6689CC0075D1E6 /* Frameworks */,
				13DDD7132B6689CC0075D1E6 /* Resources */,
			);
			buildRules = (
			);
			dependencies = (
			);
			name = yaDihayu;
			packageProductDependencies = (
				13DDD7482B66A0710075D1E6 /* SnapKit */,
				135B8DAA2B68FDA600559908 /* Lottie */,
			);
			productName = yaDihayu;
			productReference = 13DDD7152B6689CC0075D1E6 /* yaDihayu.app */;
			productType = "com.apple.product-type.application";
		};
/* End PBXNativeTarget section */

/* Begin PBXProject section */
		13DDD70D2B6689CC0075D1E6 /* Project object */ = {
			isa = PBXProject;
			attributes = {
				BuildIndependentTargetsInParallel = 1;
				LastSwiftUpdateCheck = 1520;
				LastUpgradeCheck = 1520;
				TargetAttributes = {
					13DDD7142B6689CC0075D1E6 = {
						CreatedOnToolsVersion = 15.2;
					};
				};
			};
			buildConfigurationList = 13DDD7102B6689CC0075D1E6 /* Build configuration list for PBXProject "yaDihayu" */;
			compatibilityVersion = "Xcode 14.0";
			developmentRegion = en;
			hasScannedForEncodings = 0;
			knownRegions = (
				en,
				Base,
			);
			mainGroup = 13DDD70C2B6689CC0075D1E6;
			packageReferences = (
				13DDD7472B66A0710075D1E6 /* XCRemoteSwiftPackageReference "SnapKit" */,
				135B8DA92B68FDA600559908 /* XCRemoteSwiftPackageReference "lottie-ios" */,
			);
			productRefGroup = 13DDD7162B6689CC0075D1E6 /* Products */;
			projectDirPath = "";
			projectRoot = "";
			targets = (
				13DDD7142B6689CC0075D1E6 /* yaDihayu */,
			);
		};
/* End PBXProject section */

/* Begin PBXResourcesBuildPhase section */
		13DDD7132B6689CC0075D1E6 /* Resources */ = {
			isa = PBXResourcesBuildPhase;
			buildActionMask = 2147483647;
			files = (
				13DDD73B2B669F6F0075D1E6 /* SFUIText-Heavy.ttf in Resources */,
				135B8DB12B69036D00559908 /* BlueFlower.json in Resources */,
				13DDD73D2B669F6F0075D1E6 /* SFUIText-Medium.ttf in Resources */,
				13DDD7282B6689CE0075D1E6 /* LaunchScreen.storyboard in Resources */,
				13DDD73A2B669F6F0075D1E6 /* SFUIText-Light.ttf in Resources */,
				13DDD73F2B669F6F0075D1E6 /* SFUIText-Regular.ttf in Resources */,
				13DDD73C2B669F6F0075D1E6 /* SFUIText-Bold.ttf in Resources */,
				13DDD7412B669F990075D1E6 /* timer_sound.mp3 in Resources */,
				135B8DB32B6905DC00559908 /* Koala.json in Resources */,
				13DDD7252B6689CE0075D1E6 /* Assets.xcassets in Resources */,
			);
			runOnlyForDeploymentPostprocessing = 0;
		};
/* End PBXResourcesBuildPhase section */

/* Begin PBXSourcesBuildPhase section */
		13DDD7112B6689CC0075D1E6 /* Sources */ = {
			isa = PBXSourcesBuildPhase;
			buildActionMask = 2147483647;
			files = (
				135B8DA82B68FBE600559908 /* FlowerViewController.swift in Sources */,
				13DDD71D2B6689CC0075D1E6 /* MainViewController.swift in Sources */,
				13DDD7192B6689CC0075D1E6 /* AppDelegate.swift in Sources */,
				13DDD73E2B669F6F0075D1E6 /* CustomFonts.swift in Sources */,
				136FFB4D2B696DA800677C0F /* example.swift in Sources */,
				13DDD7462B669FF80075D1E6 /* InfoViewController.swift in Sources */,
				13DDD71B2B6689CC0075D1E6 /* SceneDelegate.swift in Sources */,
				13DDD7232B6689CC0075D1E6 /* yaDihayu.xcdatamodeld in Sources */,
			);
			runOnlyForDeploymentPostprocessing = 0;
		};
/* End PBXSourcesBuildPhase section */

/* Begin PBXVariantGroup section */
		13DDD7262B6689CE0075D1E6 /* LaunchScreen.storyboard */ = {
			isa = PBXVariantGroup;
			children = (
				13DDD7272B6689CE0075D1E6 /* Base */,
			);
			name = LaunchScreen.storyboard;
			sourceTree = "<group>";
		};
/* End PBXVariantGroup section */

/* Begin XCBuildConfiguration section */
		13DDD72A2B6689CE0075D1E6 /* Debug */ = {
			isa = XCBuildConfiguration;
			buildSettings = {
				ALWAYS_SEARCH_USER_PATHS = NO;
				ASSETCATALOG_COMPILER_GENERATE_SWIFT_ASSET_SYMBOL_EXTENSIONS = YES;
				CLANG_ANALYZER_NONNULL = YES;
				CLANG_ANALYZER_NUMBER_OBJECT_CONVERSION = YES_AGGRESSIVE;
				CLANG_CXX_LANGUAGE_STANDARD = "gnu++20";
				CLANG_ENABLE_MODULES = YES;
				CLANG_ENABLE_OBJC_ARC = YES;
				CLANG_ENABLE_OBJC_WEAK = YES;
				CLANG_WARN_BLOCK_CAPTURE_AUTORELEASING = YES;
				CLANG_WARN_BOOL_CONVERSION = YES;
				CLANG_WARN_COMMA = YES;
				CLANG_WARN_CONSTANT_CONVERSION = YES;
				CLANG_WARN_DEPRECATED_OBJC_IMPLEMENTATIONS = YES;
				CLANG_WARN_DIRECT_OBJC_ISA_USAGE = YES_ERROR;
				CLANG_WARN_DOCUMENTATION_COMMENTS = YES;
				CLANG_WARN_EMPTY_BODY = YES;
				CLANG_WARN_ENUM_CONVERSION = YES;
				CLANG_WARN_INFINITE_RECURSION = YES;
				CLANG_WARN_INT_CONVERSION = YES;
				CLANG_WARN_NON_LITERAL_NULL_CONVERSION = YES;
				CLANG_WARN_OBJC_IMPLICIT_RETAIN_SELF = YES;
				CLANG_WARN_OBJC_LITERAL_CONVERSION = YES;
				CLANG_WARN_OBJC_ROOT_CLASS = YES_ERROR;
				CLANG_WARN_QUOTED_INCLUDE_IN_FRAMEWORK_HEADER = YES;
				CLANG_WARN_RANGE_LOOP_ANALYSIS = YES;
				CLANG_WARN_STRICT_PROTOTYPES = YES;
				CLANG_WARN_SUSPICIOUS_MOVE = YES;
				CLANG_WARN_UNGUARDED_AVAILABILITY = YES_AGGRESSIVE;
				CLANG_WARN_UNREACHABLE_CODE = YES;
				CLANG_WARN__DUPLICATE_METHOD_MATCH = YES;
				COPY_PHASE_STRIP = NO;
				DEBUG_INFORMATION_FORMAT = dwarf;
				ENABLE_STRICT_OBJC_MSGSEND = YES;
				ENABLE_TESTABILITY = YES;
				ENABLE_USER_SCRIPT_SANDBOXING = YES;
				GCC_C_LANGUAGE_STANDARD = gnu17;
				GCC_DYNAMIC_NO_PIC = NO;
				GCC_NO_COMMON_BLOCKS = YES;
				GCC_OPTIMIZATION_LEVEL = 0;
				GCC_PREPROCESSOR_DEFINITIONS = (
					"DEBUG=1",
					"$(inherited)",
				);
				GCC_WARN_64_TO_32_BIT_CONVERSION = YES;
				GCC_WARN_ABOUT_RETURN_TYPE = YES_ERROR;
				GCC_WARN_UNDECLARED_SELECTOR = YES;
				GCC_WARN_UNINITIALIZED_AUTOS = YES_AGGRESSIVE;
				GCC_WARN_UNUSED_FUNCTION = YES;
				GCC_WARN_UNUSED_VARIABLE = YES;
				IPHONEOS_DEPLOYMENT_TARGET = 14.0;
				LOCALIZATION_PREFERS_STRING_CATALOGS = YES;
				MTL_ENABLE_DEBUG_INFO = INCLUDE_SOURCE;
				MTL_FAST_MATH = YES;
				ONLY_ACTIVE_ARCH = YES;
				SDKROOT = iphoneos;
				SWIFT_ACTIVE_COMPILATION_CONDITIONS = "DEBUG $(inherited)";
				SWIFT_OPTIMIZATION_LEVEL = "-Onone";
			};
			name = Debug;
		};
		13DDD72B2B6689CE0075D1E6 /* Release */ = {
			isa = XCBuildConfiguration;
			buildSettings = {
				ALWAYS_SEARCH_USER_PATHS = NO;
				ASSETCATALOG_COMPILER_GENERATE_SWIFT_ASSET_SYMBOL_EXTENSIONS = YES;
				CLANG_ANALYZER_NONNULL = YES;
				CLANG_ANALYZER_NUMBER_OBJECT_CONVERSION = YES_AGGRESSIVE;
				CLANG_CXX_LANGUAGE_STANDARD = "gnu++20";
				CLANG_ENABLE_MODULES = YES;
				CLANG_ENABLE_OBJC_ARC = YES;
				CLANG_ENABLE_OBJC_WEAK = YES;
				CLANG_WARN_BLOCK_CAPTURE_AUTORELEASING = YES;
				CLANG_WARN_BOOL_CONVERSION = YES;
				CLANG_WARN_COMMA = YES;
				CLANG_WARN_CONSTANT_CONVERSION = YES;
				CLANG_WARN_DEPRECATED_OBJC_IMPLEMENTATIONS = YES;
				CLANG_WARN_DIRECT_OBJC_ISA_USAGE = YES_ERROR;
				CLANG_WARN_DOCUMENTATION_COMMENTS = YES;
				CLANG_WARN_EMPTY_BODY = YES;
				CLANG_WARN_ENUM_CONVERSION = YES;
				CLANG_WARN_INFINITE_RECURSION = YES;
				CLANG_WARN_INT_CONVERSION = YES;
				CLANG_WARN_NON_LITERAL_NULL_CONVERSION = YES;
				CLANG_WARN_OBJC_IMPLICIT_RETAIN_SELF = YES;
				CLANG_WARN_OBJC_LITERAL_CONVERSION = YES;
				CLANG_WARN_OBJC_ROOT_CLASS = YES_ERROR;
				CLANG_WARN_QUOTED_INCLUDE_IN_FRAMEWORK_HEADER = YES;
				CLANG_WARN_RANGE_LOOP_ANALYSIS = YES;
				CLANG_WARN_STRICT_PROTOTYPES = YES;
				CLANG_WARN_SUSPICIOUS_MOVE = YES;
				CLANG_WARN_UNGUARDED_AVAILABILITY = YES_AGGRESSIVE;
				CLANG_WARN_UNREACHABLE_CODE = YES;
				CLANG_WARN__DUPLICATE_METHOD_MATCH = YES;
				COPY_PHASE_STRIP = NO;
				DEBUG_INFORMATION_FORMAT = "dwarf-with-dsym";
				ENABLE_NS_ASSERTIONS = NO;
				ENABLE_STRICT_OBJC_MSGSEND = YES;
				ENABLE_USER_SCRIPT_SANDBOXING = YES;
				GCC_C_LANGUAGE_STANDARD = gnu17;
				GCC_NO_COMMON_BLOCKS = YES;
				GCC_WARN_64_TO_32_BIT_CONVERSION = YES;
				GCC_WARN_ABOUT_RETURN_TYPE = YES_ERROR;
				GCC_WARN_UNDECLARED_SELECTOR = YES;
				GCC_WARN_UNINITIALIZED_AUTOS = YES_AGGRESSIVE;
				GCC_WARN_UNUSED_FUNCTION = YES;
				GCC_WARN_UNUSED_VARIABLE = YES;
				IPHONEOS_DEPLOYMENT_TARGET = 14.0;
				LOCALIZATION_PREFERS_STRING_CATALOGS = YES;
				MTL_ENABLE_DEBUG_INFO = NO;
				MTL_FAST_MATH = YES;
				SDKROOT = iphoneos;
				SWIFT_COMPILATION_MODE = wholemodule;
				VALIDATE_PRODUCT = YES;
			};
			name = Release;
		};
		13DDD72D2B6689CE0075D1E6 /* Debug */ = {
			isa = XCBuildConfiguration;
			buildSettings = {
				ASSETCATALOG_COMPILER_APPICON_NAME = AppIcon;
				ASSETCATALOG_COMPILER_GLOBAL_ACCENT_COLOR_NAME = AccentColor;
				CODE_SIGN_STYLE = Automatic;
				CURRENT_PROJECT_VERSION = 1;
				DEVELOPMENT_TEAM = 5F8NF33WRR;
				GENERATE_INFOPLIST_FILE = YES;
				INFOPLIST_FILE = yaDihayu/Resources/Info.plist;
				INFOPLIST_KEY_LSApplicationCategoryType = "public.app-category.healthcare-fitness";
				INFOPLIST_KEY_UIApplicationSupportsIndirectInputEvents = YES;
				INFOPLIST_KEY_UILaunchStoryboardName = LaunchScreen;
				INFOPLIST_KEY_UIMainStoryboardFile = "";
				INFOPLIST_KEY_UISupportedInterfaceOrientations = UIInterfaceOrientationPortrait;
				INFOPLIST_KEY_UISupportedInterfaceOrientations_iPad = "UIInterfaceOrientationLandscapeLeft UIInterfaceOrientationLandscapeRight UIInterfaceOrientationPortrait UIInterfaceOrientationPortraitUpsideDown";
				IPHONEOS_DEPLOYMENT_TARGET = 14.0;
				LD_RUNPATH_SEARCH_PATHS = (
					"$(inherited)",
					"@executable_path/Frameworks",
				);
				MARKETING_VERSION = 1.0;
				PRODUCT_BUNDLE_IDENTIFIER = code.yaDihayu;
				PRODUCT_NAME = "$(TARGET_NAME)";
				SUPPORTED_PLATFORMS = "iphoneos iphonesimulator";
				SUPPORTS_MACCATALYST = NO;
				SUPPORTS_MAC_DESIGNED_FOR_IPHONE_IPAD = NO;
				SWIFT_EMIT_LOC_STRINGS = YES;
				SWIFT_VERSION = 5.0;
				TARGETED_DEVICE_FAMILY = 1;
			};
			name = Debug;
		};
		13DDD72E2B6689CE0075D1E6 /* Release */ = {
			isa = XCBuildConfiguration;
			buildSettings = {
				ASSETCATALOG_COMPILER_APPICON_NAME = AppIcon;
				ASSETCATALOG_COMPILER_GLOBAL_ACCENT_COLOR_NAME = AccentColor;
				CODE_SIGN_STYLE = Automatic;
				CURRENT_PROJECT_VERSION = 1;
				DEVELOPMENT_TEAM = 5F8NF33WRR;
				GENERATE_INFOPLIST_FILE = YES;
				INFOPLIST_FILE = yaDihayu/Resources/Info.plist;
				INFOPLIST_KEY_LSApplicationCategoryType = "public.app-category.healthcare-fitness";
				INFOPLIST_KEY_UIApplicationSupportsIndirectInputEvents = YES;
				INFOPLIST_KEY_UILaunchStoryboardName = LaunchScreen;
				INFOPLIST_KEY_UIMainStoryboardFile = "";
				INFOPLIST_KEY_UISupportedInterfaceOrientations = UIInterfaceOrientationPortrait;
				INFOPLIST_KEY_UISupportedInterfaceOrientations_iPad = "UIInterfaceOrientationLandscapeLeft UIInterfaceOrientationLandscapeRight UIInterfaceOrientationPortrait UIInterfaceOrientationPortraitUpsideDown";
				IPHONEOS_DEPLOYMENT_TARGET = 14.0;
				LD_RUNPATH_SEARCH_PATHS = (
					"$(inherited)",
					"@executable_path/Frameworks",
				);
				MARKETING_VERSION = 1.0;
				PRODUCT_BUNDLE_IDENTIFIER = code.yaDihayu;
				PRODUCT_NAME = "$(TARGET_NAME)";
				SUPPORTED_PLATFORMS = "iphoneos iphonesimulator";
				SUPPORTS_MACCATALYST = NO;
				SUPPORTS_MAC_DESIGNED_FOR_IPHONE_IPAD = NO;
				SWIFT_EMIT_LOC_STRINGS = YES;
				SWIFT_VERSION = 5.0;
				TARGETED_DEVICE_FAMILY = 1;
			};
			name = Release;
		};
/* End XCBuildConfiguration section */

/* Begin XCConfigurationList section */
		13DDD7102B6689CC0075D1E6 /* Build configuration list for PBXProject "yaDihayu" */ = {
			isa = XCConfigurationList;
			buildConfigurations = (
				13DDD72A2B6689CE0075D1E6 /* Debug */,
				13DDD72B2B6689CE0075D1E6 /* Release */,
			);
			defaultConfigurationIsVisible = 0;
			defaultConfigurationName = Release;
		};
		13DDD72C2B6689CE0075D1E6 /* Build configuration list for PBXNativeTarget "yaDihayu" */ = {
			isa = XCConfigurationList;
			buildConfigurations = (
				13DDD72D2B6689CE0075D1E6 /* Debug */,
				13DDD72E2B6689CE0075D1E6 /* Release */,
			);
			defaultConfigurationIsVisible = 0;
			defaultConfigurationName = Release;
		};
/* End XCConfigurationList section */

/* Begin XCRemoteSwiftPackageReference section */
		135B8DA92B68FDA600559908 /* XCRemoteSwiftPackageReference "lottie-ios" */ = {
			isa = XCRemoteSwiftPackageReference;
			repositoryURL = "https://github.com/airbnb/lottie-ios.git";
			requirement = {
				kind = upToNextMajorVersion;
				minimumVersion = 4.4.0;
			};
		};
		13DDD7472B66A0710075D1E6 /* XCRemoteSwiftPackageReference "SnapKit" */ = {
			isa = XCRemoteSwiftPackageReference;
			repositoryURL = "https://github.com/SnapKit/SnapKit";
			requirement = {
				kind = upToNextMajorVersion;
				minimumVersion = 5.7.0;
			};
		};
/* End XCRemoteSwiftPackageReference section */

/* Begin XCSwiftPackageProductDependency section */
		135B8DAA2B68FDA600559908 /* Lottie */ = {
			isa = XCSwiftPackageProductDependency;
			package = 135B8DA92B68FDA600559908 /* XCRemoteSwiftPackageReference "lottie-ios" */;
			productName = Lottie;
		};
		13DDD7482B66A0710075D1E6 /* SnapKit */ = {
			isa = XCSwiftPackageProductDependency;
			package = 13DDD7472B66A0710075D1E6 /* XCRemoteSwiftPackageReference "SnapKit" */;
			productName = SnapKit;
		};
/* End XCSwiftPackageProductDependency section */

/* Begin XCVersionGroup section */
		13DDD7212B6689CC0075D1E6 /* yaDihayu.xcdatamodeld */ = {
			isa = XCVersionGroup;
			children = (
				13DDD7222B6689CC0075D1E6 /* yaDihayu.xcdatamodel */,
			);
			currentVersion = 13DDD7222B6689CC0075D1E6 /* yaDihayu.xcdatamodel */;
			path = yaDihayu.xcdatamodeld;
			sourceTree = "<group>";
			versionGroupType = wrapper.xcdatamodel;
		};
/* End XCVersionGroup section */
	};
	rootObject = 13DDD70D2B6689CC0075D1E6 /* Project object */;
}
